
Microsoft Visual Studio Solution File, Format Version 12.00
# Visual Studio Version 17
VisualStudioVersion = 17.13.35818.85 d17.13
MinimumVisualStudioVersion = 10.0.40219.1
Project("{FAE04EC0-301F-11D3-BF4B-00C04F79EFBC}") = "ProgrammingClass", "ProgrammingClass.csproj", "{A835BC79-F0CF-49BD-9900-3AEFED4F4708}"
EndProject
Global
	GlobalSection(SolutionConfigurationPlatforms) = preSolution
		Debug|Any CPU = Debug|Any CPU
		Release|Any CPU = Release|Any CPU
	EndGlobalSection
	GlobalSection(ProjectConfigurationPlatforms) = postSolution
		{A835BC79-F0CF-49BD-9900-3AEFED4F4708}.Debug|Any CPU.ActiveCfg = Debug|Any CPU
		{A835BC79-F0CF-49BD-9900-3AEFED4F4708}.Debug|Any CPU.Build.0 = Debug|Any CPU
		{A835BC79-F0CF-49BD-9900-3AEFED4F4708}.Release|Any CPU.ActiveCfg = Release|Any CPU
		{A835BC79-F0CF-49BD-9900-3AEFED4F4708}.Release|Any CPU.Build.0 = Release|Any CPU
	EndGlobalSection
	GlobalSection(SolutionProperties) = preSolution
		HideSolutionNode = FALSE
	EndGlobalSection
	GlobalSection(ExtensibilityGlobals) = postSolution
		SolutionGuid = {3DAC3A23-A407-45CB-894E-500C2183F34D}
	EndGlobalSection
EndGlobal
